
Microsoft Visual Studio Solution File, Format Version 12.00
# Visual Studio Version 16
VisualStudioVersion = 16.0.30611.23
MinimumVisualStudioVersion = 10.0.40219.1
Project("{FAE04EC0-301F-11D3-BF4B-00C04F79EFBC}") = "WebApplication1", "WebApplication1\WebApplication1.csproj", "{EFBF0231-7789-4359-9EDB-B31C44EC2948}"
EndProject
Global
	GlobalSection(SolutionConfigurationPlatforms) = preSolution
		Debug|Any CPU = Debug|Any CPU
		Release|Any CPU = Release|Any CPU
	EndGlobalSection
	GlobalSection(ProjectConfigurationPlatforms) = postSolution
		{EFBF0231-7789-4359-9EDB-B31C44EC2948}.Debug|Any CPU.ActiveCfg = Debug|Any CPU
		{EFBF0231-7789-4359-9EDB-B31C44EC2948}.Debug|Any CPU.Build.0 = Debug|Any CPU
		{EFBF0231-7789-4359-9EDB-B31C44EC2948}.Release|Any CPU.ActiveCfg = Release|Any CPU
		{EFBF0231-7789-4359-9EDB-B31C44EC2948}.Release|Any CPU.Build.0 = Release|Any CPU
	EndGlobalSection
	GlobalSection(SolutionProperties) = preSolution
		HideSolutionNode = FALSE
	EndGlobalSection
	GlobalSection(ExtensibilityGlobals) = postSolution
		SolutionGuid = {47A83864-1BED-4272-B08C-4AD5317665A2}
	EndGlobalSection
EndGlobal
